
Microsoft Visual Studio Solution File, Format Version 12.00
# Visual Studio Version 17
VisualStudioVersion = 17.13.35818.85 d17.13
MinimumVisualStudioVersion = 10.0.40219.1
Project("{FAE04EC0-301F-11D3-BF4B-00C04F79EFBC}") = "GestionTournoi", "GestionTournoi.csproj", "{721412D2-7718-4AD7-90B9-67E0BC148CE6}"
EndProject
Global
	GlobalSection(SolutionConfigurationPlatforms) = preSolution
		Debug|Any CPU = Debug|Any CPU
		Release|Any CPU = Release|Any CPU
	EndGlobalSection
	GlobalSection(ProjectConfigurationPlatforms) = postSolution
		{721412D2-7718-4AD7-90B9-67E0BC148CE6}.Debug|Any CPU.ActiveCfg = Debug|Any CPU
		{721412D2-7718-4AD7-90B9-67E0BC148CE6}.Debug|Any CPU.Build.0 = Debug|Any CPU
		{721412D2-7718-4AD7-90B9-67E0BC148CE6}.Release|Any CPU.ActiveCfg = Release|Any CPU
		{721412D2-7718-4AD7-90B9-67E0BC148CE6}.Release|Any CPU.Build.0 = Release|Any CPU
	EndGlobalSection
	GlobalSection(SolutionProperties) = preSolution
		HideSolutionNode = FALSE
	EndGlobalSection
	GlobalSection(ExtensibilityGlobals) = postSolution
		SolutionGuid = {C703686C-C89F-413A-ADA9-408CEAF0352F}
	EndGlobalSection
EndGlobal
